
Microsoft Visual Studio Solution File, Format Version 12.00
# Visual Studio Version 17
VisualStudioVersion = 17.2.32526.322
MinimumVisualStudioVersion = 10.0.40219.1
Project("{2150E333-8FDC-42A3-9474-1A3956D46DE8}") = "Core", "Core", "{2FC29956-D58F-496D-B718-1EF42089DA36}"
EndProject
Project("{2150E333-8FDC-42A3-9474-1A3956D46DE8}") = "Infrastructure", "Infrastructure", "{A3E4DEB3-328F-4F67-9A31-AAC6C5F0DCB7}"
EndProject
Project("{2150E333-8FDC-42A3-9474-1A3956D46DE8}") = "Presentation", "Presentation", "{43F18C0C-CC31-4479-BA43-A1ACDBB43EFA}"
EndProject
Project("{2150E333-8FDC-42A3-9474-1A3956D46DE8}") = "Tests", "Tests", "{1F2A8380-B258-46DC-A532-70302F325926}"
EndProject
Project("{9A19103F-16F7-4668-BE54-9A1E7A4F7556}") = "Gymby.Domain", "..\Gymby.Domain\Gymby.Domain.csproj", "{8022500E-68EC-44D6-B3C5-072542D72006}"
EndProject
Project("{9A19103F-16F7-4668-BE54-9A1E7A4F7556}") = "Gymby.Application", "..\Gymby.Application\Gymby.Application.csproj", "{4CC8BC3D-5D8D-45D9-906E-882389CB81A8}"
EndProject
Project("{9A19103F-16F7-4668-BE54-9A1E7A4F7556}") = "Gymby.Persistence", "..\Gymby.Persistence\Gymby.Persistence.csproj", "{33EA1B8A-B158-4195-A143-A3DE77AE17F5}"
EndProject
Project("{9A19103F-16F7-4668-BE54-9A1E7A4F7556}") = "Gymby.WebApi", "..\Gymby.WebApi\Gymby.WebApi.csproj", "{617FE2EE-560F-4B67-97F1-D01A4E4628F6}"
EndProject
Project("{9A19103F-16F7-4668-BE54-9A1E7A4F7556}") = "Gymby.UnitTests", "..\Gymby.Tests\Gymby.UnitTests.csproj", "{F6D999C2-BFFF-4E1F-BC3E-18652F6117CA}"
EndProject
Project("{9A19103F-16F7-4668-BE54-9A1E7A4F7556}") = "Gymby.ApiTests", "..\Gymby.ApiTests\Gymby.ApiTests.csproj", "{2883A8C9-9303-408F-81F3-42F6FA6E7F3C}"
EndProject
Project("{FAE04EC0-301F-11D3-BF4B-00C04F79EFBC}") = "Gymby.UITests", "..\Gymby.UITests\Gymby.UITests.csproj", "{1C7A76A1-8B22-4EFB-A41C-74204F3445E8}"
EndProject
Global
	GlobalSection(SolutionConfigurationPlatforms) = preSolution
		Debug|Any CPU = Debug|Any CPU
		Release|Any CPU = Release|Any CPU
	EndGlobalSection
	GlobalSection(ProjectConfigurationPlatforms) = postSolution
		{8022500E-68EC-44D6-B3C5-072542D72006}.Debug|Any CPU.ActiveCfg = Debug|Any CPU
		{8022500E-68EC-44D6-B3C5-072542D72006}.Debug|Any CPU.Build.0 = Debug|Any CPU
		{8022500E-68EC-44D6-B3C5-072542D72006}.Release|Any CPU.ActiveCfg = Release|Any CPU
		{8022500E-68EC-44D6-B3C5-072542D72006}.Release|Any CPU.Build.0 = Release|Any CPU
		{4CC8BC3D-5D8D-45D9-906E-882389CB81A8}.Debug|Any CPU.ActiveCfg = Debug|Any CPU
		{4CC8BC3D-5D8D-45D9-906E-882389CB81A8}.Debug|Any CPU.Build.0 = Debug|Any CPU
		{4CC8BC3D-5D8D-45D9-906E-882389CB81A8}.Release|Any CPU.ActiveCfg = Release|Any CPU
		{4CC8BC3D-5D8D-45D9-906E-882389CB81A8}.Release|Any CPU.Build.0 = Release|Any CPU
		{33EA1B8A-B158-4195-A143-A3DE77AE17F5}.Debug|Any CPU.ActiveCfg = Debug|Any CPU
		{33EA1B8A-B158-4195-A143-A3DE77AE17F5}.Debug|Any CPU.Build.0 = Debug|Any CPU
		{33EA1B8A-B158-4195-A143-A3DE77AE17F5}.Release|Any CPU.ActiveCfg = Release|Any CPU
		{33EA1B8A-B158-4195-A143-A3DE77AE17F5}.Release|Any CPU.Build.0 = Release|Any CPU
		{617FE2EE-560F-4B67-97F1-D01A4E4628F6}.Debug|Any CPU.ActiveCfg = Debug|Any CPU
		{617FE2EE-560F-4B67-97F1-D01A4E4628F6}.Debug|Any CPU.Build.0 = Debug|Any CPU
		{617FE2EE-560F-4B67-97F1-D01A4E4628F6}.Release|Any CPU.ActiveCfg = Release|Any CPU
		{617FE2EE-560F-4B67-97F1-D01A4E4628F6}.Release|Any CPU.Build.0 = Release|Any CPU
		{F6D999C2-BFFF-4E1F-BC3E-18652F6117CA}.Debug|Any CPU.ActiveCfg = Debug|Any CPU
		{F6D999C2-BFFF-4E1F-BC3E-18652F6117CA}.Debug|Any CPU.Build.0 = Debug|Any CPU
		{F6D999C2-BFFF-4E1F-BC3E-18652F6117CA}.Release|Any CPU.ActiveCfg = Release|Any CPU
		{F6D999C2-BFFF-4E1F-BC3E-18652F6117CA}.Release|Any CPU.Build.0 = Release|Any CPU
		{2883A8C9-9303-408F-81F3-42F6FA6E7F3C}.Debug|Any CPU.ActiveCfg = Debug|Any CPU
		{2883A8C9-9303-408F-81F3-42F6FA6E7F3C}.Debug|Any CPU.Build.0 = Debug|Any CPU
		{2883A8C9-9303-408F-81F3-42F6FA6E7F3C}.Release|Any CPU.ActiveCfg = Release|Any CPU
		{2883A8C9-9303-408F-81F3-42F6FA6E7F3C}.Release|Any CPU.Build.0 = Release|Any CPU
		{1C7A76A1-8B22-4EFB-A41C-74204F3445E8}.Debug|Any CPU.ActiveCfg = Debug|Any CPU
		{1C7A76A1-8B22-4EFB-A41C-74204F3445E8}.Debug|Any CPU.Build.0 = Debug|Any CPU
		{1C7A76A1-8B22-4EFB-A41C-74204F3445E8}.Release|Any CPU.ActiveCfg = Release|Any CPU
		{1C7A76A1-8B22-4EFB-A41C-74204F3445E8}.Release|Any CPU.Build.0 = Release|Any CPU
	EndGlobalSection
	GlobalSection(SolutionProperties) = preSolution
		HideSolutionNode = FALSE
	EndGlobalSection
	GlobalSection(NestedProjects) = preSolution
		{8022500E-68EC-44D6-B3C5-072542D72006} = {2FC29956-D58F-496D-B718-1EF42089DA36}
		{4CC8BC3D-5D8D-45D9-906E-882389CB81A8} = {2FC29956-D58F-496D-B718-1EF42089DA36}
		{33EA1B8A-B158-4195-A143-A3DE77AE17F5} = {A3E4DEB3-328F-4F67-9A31-AAC6C5F0DCB7}
		{617FE2EE-560F-4B67-97F1-D01A4E4628F6} = {43F18C0C-CC31-4479-BA43-A1ACDBB43EFA}
		{F6D999C2-BFFF-4E1F-BC3E-18652F6117CA} = {1F2A8380-B258-46DC-A532-70302F325926}
		{2883A8C9-9303-408F-81F3-42F6FA6E7F3C} = {1F2A8380-B258-46DC-A532-70302F325926}
		{1C7A76A1-8B22-4EFB-A41C-74204F3445E8} = {1F2A8380-B258-46DC-A532-70302F325926}
	EndGlobalSection
	GlobalSection(ExtensibilityGlobals) = postSolution
		SolutionGuid = {2084AB36-B065-4075-A120-FDECDB785D22}
	EndGlobalSection
EndGlobal
